{
  "name": "gn",
  "version": "0.0.0",
  "lockfileVersion": 2,
  "requires": true,
  "packages": {
    "": {
      "name": "gn",
      "version": "0.0.0",
      "license": "ISC",
      "dependencies": {
        "async": "^1.4.2",
        "genstats": "^0.0.1",
        "kue": "^0.9.5",
        "level": "^7.0.1",
        "leveldown": "^6.1.0",
        "lodash": "^4.17.21",
        "natives": "^1.1.6",
        "properties-reader": "^0.3.1"
      }
    },
    "node_modules/abstract-leveldown": {
      "version": "7.2.0",
      "resolved": "https://registry.npmjs.org/abstract-leveldown/-/abstract-leveldown-7.2.0.tgz",
      "integrity": "sha512-DnhQwcFEaYsvYDnACLZhMmCWd3rkOeEvglpa4q5i/5Jlm3UIsWaxVzuXvDLFCSCWRO3yy2/+V/G7FusFgejnfQ==",
      "dependencies": {
        "buffer": "^6.0.3",
        "catering": "^2.0.0",
        "is-buffer": "^2.0.5",
        "level-concat-iterator": "^3.0.0",
        "level-supports": "^2.0.1",
        "queue-microtask": "^1.2.3"
      },
      "engines": {
        "node": ">=10"
      }
    },
    "node_modules/accepts": {
      "version": "1.3.8",
      "license": "MIT",
      "dependencies": {
        "mime-types": "~2.1.34",
        "negotiator": "0.6.3"
      },
      "engines": {
        "node": ">= 0.6"
      }
    },
    "node_modules/apparatus": {
      "version": "0.0.10",
      "license": "MIT",
      "dependencies": {
        "sylvester": ">= 0.0.8"
      },
      "engines": {
        "node": ">=0.2.6"
      }
    },
    "node_modules/array-flatten": {
      "version": "1.1.1",
      "license": "MIT"
    },
    "node_modules/async": {
      "version": "1.5.2",
      "license": "MIT"
    },
    "node_modules/balanced-match": {
      "version": "1.0.2",
      "license": "MIT"
    },
    "node_modules/base64-js": {
      "version": "1.5.1",
      "resolved": "https://registry.npmjs.org/base64-js/-/base64-js-1.5.1.tgz",
      "integrity": "sha512-AKpaYlHn8t4SVbOHCy+b5+KKgvR4vrsD8vbvrbiQJps7fKDTkjkDry6ji0rUJjC0kzbNePLwzxq8iypo41qeWA==",
      "funding": [
        {
          "type": "github",
          "url": "https://github.com/sponsors/feross"
        },
        {
          "type": "patreon",
          "url": "https://www.patreon.com/feross"
        },
        {
          "type": "consulting",
          "url": "https://feross.org/support"
        }
      ]
    },
    "node_modules/body-parser": {
      "version": "1.19.1",
      "license": "MIT",
      "dependencies": {
        "bytes": "3.1.1",
        "content-type": "~1.0.4",
        "debug": "2.6.9",
        "depd": "~1.1.2",
        "http-errors": "1.8.1",
        "iconv-lite": "0.4.24",
        "on-finished": "~2.3.0",
        "qs": "6.9.6",
        "raw-body": "2.4.2",
        "type-is": "~1.6.18"
      },
      "engines": {
        "node": ">= 0.8"
      }
    },
    "node_modules/brace-expansion": {
      "version": "1.1.11",
      "license": "MIT",
      "dependencies": {
        "balanced-match": "^1.0.0",
        "concat-map": "0.0.1"
      }
    },
    "node_modules/buffer": {
      "version": "6.0.3",
      "resolved": "https://registry.npmjs.org/buffer/-/buffer-6.0.3.tgz",
      "integrity": "sha512-FTiCpNxtwiZZHEZbcbTIcZjERVICn9yq/pDFkTl95/AxzD1naBctN7YO68riM/gLSDY7sdrMby8hofADYuuqOA==",
      "funding": [
        {
          "type": "github",
          "url": "https://github.com/sponsors/feross"
        },
        {
          "type": "patreon",
          "url": "https://www.patreon.com/feross"
        },
        {
          "type": "consulting",
          "url": "https://feross.org/support"
        }
      ],
      "dependencies": {
        "base64-js": "^1.3.1",
        "ieee754": "^1.2.1"
      }
    },
    "node_modules/bytes": {
      "version": "3.1.1",
      "license": "MIT",
      "engines": {
        "node": ">= 0.8"
      }
    },
    "node_modules/catering": {
      "version": "2.1.1",
      "resolved": "https://registry.npmjs.org/catering/-/catering-2.1.1.tgz",
      "integrity": "sha512-K7Qy8O9p76sL3/3m7/zLKbRkyOlSZAgzEaLhyj2mXS8PsCud2Eo4hAb8aLtZqHh0QGqLcb9dlJSu6lHRVENm1w==",
      "engines": {
        "node": ">=6"
      }
    },
    "node_modules/character-parser": {
      "version": "1.2.0",
      "license": "MIT"
    },
    "node_modules/commander": {
      "version": "2.1.0",
      "engines": {
        "node": ">= 0.6.x"
      }
    },
    "node_modules/concat-map": {
      "version": "0.0.1",
      "license": "MIT"
    },
    "node_modules/constantinople": {
      "version": "1.0.2",
      "license": "MIT",
      "dependencies": {
        "uglify-js": "~2.4.0"
      }
    },
    "node_modules/content-disposition": {
      "version": "0.5.4",
      "license": "MIT",
      "dependencies": {
        "safe-buffer": "5.2.1"
      },
      "engines": {
        "node": ">= 0.6"
      }
    },
    "node_modules/content-type": {
      "version": "1.0.4",
      "license": "MIT",
      "engines": {
        "node": ">= 0.6"
      }
    },
    "node_modules/cookie": {
      "version": "0.4.1",
      "license": "MIT",
      "engines": {
        "node": ">= 0.6"
      }
    },
    "node_modules/cookie-signature": {
      "version": "1.0.6",
      "license": "MIT"
    },
    "node_modules/css-parse": {
      "version": "1.7.0",
      "license": "MIT"
    },
    "node_modules/debug": {
      "version": "2.6.9",
      "license": "MIT",
      "dependencies": {
        "ms": "2.0.0"
      }
    },
    "node_modules/deferred-leveldown": {
      "version": "7.0.0",
      "resolved": "https://registry.npmjs.org/deferred-leveldown/-/deferred-leveldown-7.0.0.tgz",
      "integrity": "sha512-QKN8NtuS3BC6m0B8vAnBls44tX1WXAFATUsJlruyAYbZpysWV3siH6o/i3g9DCHauzodksO60bdj5NazNbjCmg==",
      "dependencies": {
        "abstract-leveldown": "^7.2.0",
        "inherits": "^2.0.3"
      },
      "engines": {
        "node": ">=10"
      }
    },
    "node_modules/depd": {
      "version": "1.1.2",
      "license": "MIT",
      "engines": {
        "node": ">= 0.6"
      }
    },
    "node_modules/ee-first": {
      "version": "1.1.1",
      "license": "MIT"
    },
    "node_modules/encodeurl": {
      "version": "1.0.2",
      "license": "MIT",
      "engines": {
        "node": ">= 0.8"
      }
    },
    "node_modules/encoding-down": {
      "version": "7.1.0",
      "resolved": "https://registry.npmjs.org/encoding-down/-/encoding-down-7.1.0.tgz",
      "integrity": "sha512-ky47X5jP84ryk5EQmvedQzELwVJPjCgXDQZGeb9F6r4PdChByCGHTBrVcF3h8ynKVJ1wVbkxTsDC8zBROPypgQ==",
      "dependencies": {
        "abstract-leveldown": "^7.2.0",
        "inherits": "^2.0.3",
        "level-codec": "^10.0.0",
        "level-errors": "^3.0.0"
      },
      "engines": {
        "node": ">=10"
      }
    },
    "node_modules/escape-html": {
      "version": "1.0.3",
      "license": "MIT"
    },
    "node_modules/etag": {
      "version": "1.8.1",
      "license": "MIT",
      "engines": {
        "node": ">= 0.6"
      }
    },
    "node_modules/express": {
      "version": "4.17.2",
      "license": "MIT",
      "dependencies": {
        "accepts": "~1.3.7",
        "array-flatten": "1.1.1",
        "body-parser": "1.19.1",
        "content-disposition": "0.5.4",
        "content-type": "~1.0.4",
        "cookie": "0.4.1",
        "cookie-signature": "1.0.6",
        "debug": "2.6.9",
        "depd": "~1.1.2",
        "encodeurl": "~1.0.2",
        "escape-html": "~1.0.3",
        "etag": "~1.8.1",
        "finalhandler": "~1.1.2",
        "fresh": "0.5.2",
        "merge-descriptors": "1.0.1",
        "methods": "~1.1.2",
        "on-finished": "~2.3.0",
        "parseurl": "~1.3.3",
        "path-to-regexp": "0.1.7",
        "proxy-addr": "~2.0.7",
        "qs": "6.9.6",
        "range-parser": "~1.2.1",
        "safe-buffer": "5.2.1",
        "send": "0.17.2",
        "serve-static": "1.14.2",
        "setprototypeof": "1.2.0",
        "statuses": "~1.5.0",
        "type-is": "~1.6.18",
        "utils-merge": "1.0.1",
        "vary": "~1.1.2"
      },
      "engines": {
        "node": ">= 0.10.0"
      }
    },
    "node_modules/extend": {
      "version": "1.3.0"
    },
    "node_modules/finalhandler": {
      "version": "1.1.2",
      "license": "MIT",
      "dependencies": {
        "debug": "2.6.9",
        "encodeurl": "~1.0.2",
        "escape-html": "~1.0.3",
        "on-finished": "~2.3.0",
        "parseurl": "~1.3.3",
        "statuses": "~1.5.0",
        "unpipe": "~1.0.0"
      },
      "engines": {
        "node": ">= 0.8"
      }
    },
    "node_modules/forwarded": {
      "version": "0.2.0",
      "license": "MIT",
      "engines": {
        "node": ">= 0.6"
      }
    },
    "node_modules/fresh": {
      "version": "0.5.2",
      "license": "MIT",
      "engines": {
        "node": ">= 0.6"
      }
    },
    "node_modules/genstats": {
      "version": "0.0.1",
      "license": "ISC"
    },
    "node_modules/glob": {},
    "node_modules/http-errors": {
      "version": "1.8.1",
      "license": "MIT",
      "dependencies": {
        "depd": "~1.1.2",
        "inherits": "2.0.4",
        "setprototypeof": "1.2.0",
        "statuses": ">= 1.5.0 < 2",
        "toidentifier": "1.0.1"
      },
      "engines": {
        "node": ">= 0.6"
      }
    },
    "node_modules/iconv-lite": {
      "version": "0.4.24",
      "license": "MIT",
      "dependencies": {
        "safer-buffer": ">= 2.1.2 < 3"
      },
      "engines": {
        "node": ">=0.10.0"
      }
    },
    "node_modules/ieee754": {
      "version": "1.2.1",
      "resolved": "https://registry.npmjs.org/ieee754/-/ieee754-1.2.1.tgz",
      "integrity": "sha512-dcyqhDvX1C46lXZcVqCpK+FtMRQVdIMN6/Df5js2zouUsqG7I6sFxitIC+7KYK29KdXOLHdu9zL4sFnoVQnqaA==",
      "funding": [
        {
          "type": "github",
          "url": "https://github.com/sponsors/feross"
        },
        {
          "type": "patreon",
          "url": "https://www.patreon.com/feross"
        },
        {
          "type": "consulting",
          "url": "https://feross.org/support"
        }
      ]
    },
    "node_modules/inherits": {
      "version": "2.0.4",
      "license": "ISC"
    },
    "node_modules/ipaddr.js": {
      "version": "1.9.1",
      "license": "MIT",
      "engines": {
        "node": ">= 0.10"
      }
    },
    "node_modules/is-buffer": {
      "version": "2.0.5",
      "resolved": "https://registry.npmjs.org/is-buffer/-/is-buffer-2.0.5.tgz",
      "integrity": "sha512-i2R6zNFDwgEHJyQUtJEk0XFi1i0dPFn/oqjK3/vPCcDeJvW5NQ83V8QbicfF1SupOaB0h8ntgBC2YiE7dfyctQ==",
      "funding": [
        {
          "type": "github",
          "url": "https://github.com/sponsors/feross"
        },
        {
          "type": "patreon",
          "url": "https://www.patreon.com/feross"
        },
        {
          "type": "consulting",
          "url": "https://feross.org/support"
        }
      ],
      "engines": {
        "node": ">=4"
      }
    },
    "node_modules/jade": {
      "version": "1.1.5",
      "dependencies": {
        "character-parser": "1.2.0",
        "commander": "2.1.0",
        "constantinople": "~1.0.2",
        "mkdirp": "~0.3.5",
        "monocle": "1.1.51",
        "transformers": "2.1.0",
        "with": "~2.0.0"
      },
      "bin": {
        "jade": "bin/jade.js"
      }
    },
    "node_modules/kue": {
      "version": "0.9.6",
      "resolved": "https://registry.npmjs.org/kue/-/kue-0.9.6.tgz",
      "integrity": "sha1-BQe503xTPqGdjvv37hbI8ovBlwE=",
      "dependencies": {
        "body-parser": "^1.12.2",
        "express": "^4.12.2",
        "jade": "1.1.5",
        "lodash": "^2.4.1",
        "lodash-deep": "^1.1.0",
        "nib": "0.5.0",
        "node-redis-warlock": "^0.1.2",
        "redis": "~0.12.0",
        "reds": "~0.2.5",
        "stylus": "0.42.2"
      }
    },
    "node_modules/kue/node_modules/lodash": {
      "version": "2.4.2",
      "engines": [
        "node",
        "rhino"
      ],
      "license": "MIT"
    },
    "node_modules/level": {
      "version": "7.0.1",
      "resolved": "https://registry.npmjs.org/level/-/level-7.0.1.tgz",
      "integrity": "sha512-w3E64+ALx2eZf8RV5JL4kIcE0BFAvQscRYd1yU4YVqZN9RGTQxXSvH202xvK15yZwFFxRXe60f13LJjcJ//I4Q==",
      "dependencies": {
        "level-js": "^6.1.0",
        "level-packager": "^6.0.1",
        "leveldown": "^6.1.0"
      },
      "engines": {
        "node": ">=10.12.0"
      },
      "funding": {
        "type": "opencollective",
        "url": "https://opencollective.com/level"
      }
    },
    "node_modules/level-codec": {
      "version": "10.0.0",
      "resolved": "https://registry.npmjs.org/level-codec/-/level-codec-10.0.0.tgz",
      "integrity": "sha512-QW3VteVNAp6c/LuV6nDjg7XDXx9XHK4abmQarxZmlRSDyXYk20UdaJTSX6yzVvQ4i0JyWSB7jert0DsyD/kk6g==",
      "dependencies": {
        "buffer": "^6.0.3"
      },
      "engines": {
        "node": ">=10"
      }
    },
    "node_modules/level-concat-iterator": {
      "version": "3.1.0",
      "resolved": "https://registry.npmjs.org/level-concat-iterator/-/level-concat-iterator-3.1.0.tgz",
      "integrity": "sha512-BWRCMHBxbIqPxJ8vHOvKUsaO0v1sLYZtjN3K2iZJsRBYtp+ONsY6Jfi6hy9K3+zolgQRryhIn2NRZjZnWJ9NmQ==",
      "dependencies": {
        "catering": "^2.1.0"
      },
      "engines": {
        "node": ">=10"
      }
    },
    "node_modules/level-errors": {
      "version": "3.0.1",
      "resolved": "https://registry.npmjs.org/level-errors/-/level-errors-3.0.1.tgz",
      "integrity": "sha512-tqTL2DxzPDzpwl0iV5+rBCv65HWbHp6eutluHNcVIftKZlQN//b6GEnZDM2CvGZvzGYMwyPtYppYnydBQd2SMQ==",
      "engines": {
        "node": ">=10"
      }
    },
    "node_modules/level-iterator-stream": {
      "version": "5.0.0",
      "resolved": "https://registry.npmjs.org/level-iterator-stream/-/level-iterator-stream-5.0.0.tgz",
      "integrity": "sha512-wnb1+o+CVFUDdiSMR/ZymE2prPs3cjVLlXuDeSq9Zb8o032XrabGEXcTCsBxprAtseO3qvFeGzh6406z9sOTRA==",
      "dependencies": {
        "inherits": "^2.0.4",
        "readable-stream": "^3.4.0"
      },
      "engines": {
        "node": ">=10"
      }
    },
    "node_modules/level-iterator-stream/node_modules/readable-stream": {
      "version": "3.6.0",
      "resolved": "https://registry.npmjs.org/readable-stream/-/readable-stream-3.6.0.tgz",
      "integrity": "sha512-BViHy7LKeTz4oNnkcLJ+lVSL6vpiFeX6/d3oSH8zCW7UxP2onchk+vTGB143xuFjHS3deTgkKoXXymXqymiIdA==",
      "dependencies": {
        "inherits": "^2.0.3",
        "string_decoder": "^1.1.1",
        "util-deprecate": "^1.0.1"
      },
      "engines": {
        "node": ">= 6"
      }
    },
    "node_modules/level-iterator-stream/node_modules/string_decoder": {
      "version": "1.3.0",
      "resolved": "https://registry.npmjs.org/string_decoder/-/string_decoder-1.3.0.tgz",
      "integrity": "sha512-hkRX8U1WjJFd8LsDJ2yQ/wWWxaopEsABU1XfkM8A+j0+85JAGppt16cr1Whg6KIbb4okU6Mql6BOj+uup/wKeA==",
      "dependencies": {
        "safe-buffer": "~5.2.0"
      }
    },
    "node_modules/level-js": {
      "version": "6.1.0",
      "resolved": "https://registry.npmjs.org/level-js/-/level-js-6.1.0.tgz",
      "integrity": "sha512-i7mPtkZm68aewfv0FnIUWvFUFfoyzIvVKnUmuQGrelEkP72vSPTaA1SGneWWoCV5KZJG4wlzbJLp1WxVNGuc6A==",
      "dependencies": {
        "abstract-leveldown": "^7.2.0",
        "buffer": "^6.0.3",
        "inherits": "^2.0.3",
        "ltgt": "^2.1.2",
        "run-parallel-limit": "^1.1.0"
      }
    },
    "node_modules/level-packager": {
      "version": "6.0.1",
      "resolved": "https://registry.npmjs.org/level-packager/-/level-packager-6.0.1.tgz",
      "integrity": "sha512-8Ezr0XM6hmAwqX9uu8IGzGNkWz/9doyPA8Oo9/D7qcMI6meJC+XhIbNYHukJhIn8OGdlzQs/JPcL9B8lA2F6EQ==",
      "dependencies": {
        "encoding-down": "^7.1.0",
        "levelup": "^5.1.1"
      },
      "engines": {
        "node": ">=10"
      }
    },
    "node_modules/level-supports": {
      "version": "2.1.0",
      "resolved": "https://registry.npmjs.org/level-supports/-/level-supports-2.1.0.tgz",
      "integrity": "sha512-E486g1NCjW5cF78KGPrMDRBYzPuueMZ6VBXHT6gC7A8UYWGiM14fGgp+s/L1oFfDWSPV/+SFkYCmZ0SiESkRKA==",
      "engines": {
        "node": ">=10"
      }
    },
    "node_modules/leveldown": {
      "version": "6.1.0",
      "resolved": "https://registry.npmjs.org/leveldown/-/leveldown-6.1.0.tgz",
      "integrity": "sha512-8C7oJDT44JXxh04aSSsfcMI8YiaGRhOFI9/pMEL7nWJLVsWajDPTRxsSHTM2WcTVY5nXM+SuRHzPPi0GbnDX+w==",
      "hasInstallScript": true,
      "dependencies": {
        "abstract-leveldown": "^7.2.0",
        "napi-macros": "~2.0.0",
        "node-gyp-build": "^4.3.0"
      },
      "engines": {
        "node": ">=10.12.0"
      }
    },
    "node_modules/levelup": {
      "version": "5.1.1",
      "resolved": "https://registry.npmjs.org/levelup/-/levelup-5.1.1.tgz",
      "integrity": "sha512-0mFCcHcEebOwsQuk00WJwjLI6oCjbBuEYdh/RaRqhjnyVlzqf41T1NnDtCedumZ56qyIh8euLFDqV1KfzTAVhg==",
      "dependencies": {
        "catering": "^2.0.0",
        "deferred-leveldown": "^7.0.0",
        "level-errors": "^3.0.1",
        "level-iterator-stream": "^5.0.0",
        "level-supports": "^2.0.1",
        "queue-microtask": "^1.2.3"
      },
      "engines": {
        "node": ">=10"
      }
    },
    "node_modules/lodash": {
      "version": "4.17.21",
      "license": "MIT"
    },
    "node_modules/lodash-deep": {
      "version": "1.6.0",
      "license": "MIT",
      "dependencies": {
        "lodash": ">=2.4.1"
      },
      "engines": {
        "node": ">=0.8.0",
        "npm": ">=1.2.10"
      }
    },
    "node_modules/lru-cache": {
      "version": "2.7.3",
      "license": "ISC"
    },
    "node_modules/ltgt": {
      "version": "2.2.1",
      "resolved": "https://registry.npmjs.org/ltgt/-/ltgt-2.2.1.tgz",
      "integrity": "sha1-81ypHEk/e3PaDgdJUwTxezH4fuU="
    },
    "node_modules/media-typer": {
      "version": "0.3.0",
      "license": "MIT",
      "engines": {
        "node": ">= 0.6"
      }
    },
    "node_modules/merge-descriptors": {
      "version": "1.0.1",
      "license": "MIT"
    },
    "node_modules/methods": {
      "version": "1.1.2",
      "license": "MIT",
      "engines": {
        "node": ">= 0.6"
      }
    },
    "node_modules/mime-db": {
      "version": "1.51.0",
      "license": "MIT",
      "engines": {
        "node": ">= 0.6"
      }
    },
    "node_modules/mime-types": {
      "version": "2.1.34",
      "license": "MIT",
      "dependencies": {
        "mime-db": "1.51.0"
      },
      "engines": {
        "node": ">= 0.6"
      }
    },
    "node_modules/minimatch": {
      "version": "3.0.4",
      "license": "ISC",
      "dependencies": {
        "brace-expansion": "^1.1.7"
      },
      "engines": {
        "node": "*"
      }
    },
    "node_modules/mkdirp": {
      "version": "0.3.5",
      "license": "MIT"
    },
    "node_modules/monocle": {
      "version": "1.1.51",
      "license": "BSD",
      "dependencies": {
        "readdirp": "~0.2.3"
      }
    },
    "node_modules/ms": {
      "version": "2.0.0",
      "license": "MIT"
    },
    "node_modules/napi-macros": {
      "version": "2.0.0",
      "resolved": "https://registry.npmjs.org/napi-macros/-/napi-macros-2.0.0.tgz",
      "integrity": "sha512-A0xLykHtARfueITVDernsAWdtIMbOJgKgcluwENp3AlsKN/PloyO10HtmoqnFAQAcxPkgZN7wdfPfEd0zNGxbg=="
    },
    "node_modules/natives": {
      "version": "1.1.6",
      "license": "ISC"
    },
    "node_modules/natural": {
      "version": "0.2.1",
      "dependencies": {
        "apparatus": ">= 0.0.9",
        "sylvester": ">= 0.0.12",
        "underscore": ">=1.3.1"
      },
      "engines": {
        "node": ">=0.4.10"
      }
    },
    "node_modules/negotiator": {
      "version": "0.6.3",
      "license": "MIT",
      "engines": {
        "node": ">= 0.6"
      }
    },
    "node_modules/nib": {
      "version": "0.5.0",
      "engines": {
        "node": "*"
      }
    },
    "node_modules/node-gyp-build": {
      "version": "4.3.0",
      "resolved": "https://registry.npmjs.org/node-gyp-build/-/node-gyp-build-4.3.0.tgz",
      "integrity": "sha512-iWjXZvmboq0ja1pUGULQBexmxq8CV4xBhX7VDOTbL7ZR4FOowwY/VOtRxBN/yKxmdGoIp4j5ysNT4u3S2pDQ3Q==",
      "bin": {
        "node-gyp-build": "bin.js",
        "node-gyp-build-optional": "optional.js",
        "node-gyp-build-test": "build-test.js"
      }
    },
    "node_modules/node-redis-scripty": {
      "version": "0.0.5",
      "license": "MIT",
      "dependencies": {
        "extend": "^1.2.1",
        "lru-cache": "^2.5.0"
      }
    },
    "node_modules/node-redis-warlock": {
      "version": "0.1.4",
      "license": "MIT",
      "dependencies": {
        "node-redis-scripty": "0.0.5",
        "uuid": "^2.0.1"
      }
    },
    "node_modules/on-finished": {
      "version": "2.3.0",
      "license": "MIT",
      "dependencies": {
        "ee-first": "1.1.1"
      },
      "engines": {
        "node": ">= 0.8"
      }
    },
    "node_modules/parseurl": {
      "version": "1.3.3",
      "license": "MIT",
      "engines": {
        "node": ">= 0.8"
      }
    },
    "node_modules/path-to-regexp": {
      "version": "0.1.7",
      "license": "MIT"
    },
    "node_modules/properties-reader": {
      "version": "0.3.1",
      "resolved": "https://registry.npmjs.org/properties-reader/-/properties-reader-0.3.1.tgz",
      "integrity": "sha512-ltBypWdJunkozeLZTQc7hhifymwnHK2bvGnGjI7NB092fuNY91tb7lnZOhPDKs9W9yfDAqjkQ8B0ZUdQkm1M6Q==",
      "dependencies": {
        "mkdirp": "~0.5.1"
      },
      "engines": {
        "node": ">=6"
      }
    },
    "node_modules/properties-reader/node_modules/minimist": {
      "version": "1.2.5",
      "license": "MIT"
    },
    "node_modules/properties-reader/node_modules/mkdirp": {
      "version": "0.5.5",
      "license": "MIT",
      "dependencies": {
        "minimist": "^1.2.5"
      },
      "bin": {
        "mkdirp": "bin/cmd.js"
      }
    },
    "node_modules/proxy-addr": {
      "version": "2.0.7",
      "license": "MIT",
      "dependencies": {
        "forwarded": "0.2.0",
        "ipaddr.js": "1.9.1"
      },
      "engines": {
        "node": ">= 0.10"
      }
    },
    "node_modules/qs": {
      "version": "6.9.6",
      "license": "BSD-3-Clause",
      "engines": {
        "node": ">=0.6"
      },
      "funding": {
        "url": "https://github.com/sponsors/ljharb"
      }
    },
    "node_modules/queue-microtask": {
      "version": "1.2.3",
      "resolved": "https://registry.npmjs.org/queue-microtask/-/queue-microtask-1.2.3.tgz",
      "integrity": "sha512-NuaNSa6flKT5JaSYQzJok04JzTL1CA6aGhv5rfLW3PgqA+M2ChpZQnAC8h8i4ZFkBS8X5RqkDBHA7r4hej3K9A==",
      "funding": [
        {
          "type": "github",
          "url": "https://github.com/sponsors/feross"
        },
        {
          "type": "patreon",
          "url": "https://www.patreon.com/feross"
        },
        {
          "type": "consulting",
          "url": "https://feross.org/support"
        }
      ]
    },
    "node_modules/range-parser": {
      "version": "1.2.1",
      "license": "MIT",
      "engines": {
        "node": ">= 0.6"
      }
    },
    "node_modules/raw-body": {
      "version": "2.4.2",
      "license": "MIT",
      "dependencies": {
        "bytes": "3.1.1",
        "http-errors": "1.8.1",
        "iconv-lite": "0.4.24",
        "unpipe": "1.0.0"
      },
      "engines": {
        "node": ">= 0.8"
      }
    },
    "node_modules/readdirp": {
      "version": "0.2.5",
      "license": "MIT",
      "dependencies": {
        "minimatch": ">=0.2.4"
      },
      "engines": {
        "node": ">=0.4"
      }
    },
    "node_modules/redis": {
      "version": "0.12.1"
    },
    "node_modules/reds": {
      "version": "0.2.5",
      "dependencies": {
        "natural": "^0.2.0",
        "redis": "^0.12.1"
      }
    },
    "node_modules/run-parallel-limit": {
      "version": "1.1.0",
      "resolved": "https://registry.npmjs.org/run-parallel-limit/-/run-parallel-limit-1.1.0.tgz",
      "integrity": "sha512-jJA7irRNM91jaKc3Hcl1npHsFLOXOoTkPCUL1JEa1R82O2miplXXRaGdjW/KM/98YQWDhJLiSs793CnXfblJUw==",
      "funding": [
        {
          "type": "github",
          "url": "https://github.com/sponsors/feross"
        },
        {
          "type": "patreon",
          "url": "https://www.patreon.com/feross"
        },
        {
          "type": "consulting",
          "url": "https://feross.org/support"
        }
      ],
      "dependencies": {
        "queue-microtask": "^1.2.2"
      }
    },
    "node_modules/safe-buffer": {
      "version": "5.2.1",
      "funding": [
        {
          "type": "github",
          "url": "https://github.com/sponsors/feross"
        },
        {
          "type": "patreon",
          "url": "https://www.patreon.com/feross"
        },
        {
          "type": "consulting",
          "url": "https://feross.org/support"
        }
      ],
      "license": "MIT"
    },
    "node_modules/safer-buffer": {
      "version": "2.1.2",
      "license": "MIT"
    },
    "node_modules/sax": {
      "version": "0.5.8",
      "license": "BSD"
    },
    "node_modules/send": {},
    "node_modules/serve-static": {
      "version": "1.14.2",
      "license": "MIT",
      "dependencies": {
        "encodeurl": "~1.0.2",
        "escape-html": "~1.0.3",
        "parseurl": "~1.3.3",
        "send": "0.17.2"
      },
      "engines": {
        "node": ">= 0.8.0"
      }
    },
    "node_modules/setprototypeof": {
      "version": "1.2.0",
      "license": "ISC"
    },
    "node_modules/statuses": {
      "version": "1.5.0",
      "license": "MIT",
      "engines": {
        "node": ">= 0.6"
      }
    },
    "node_modules/stylus": {
      "version": "0.42.2",
      "dependencies": {
        "css-parse": "1.7.x",
        "debug": "*",
        "glob": "3.2.x",
        "mkdirp": "0.3.x",
        "sax": "0.5.x"
      },
      "bin": {
        "stylus": "bin/stylus"
      },
      "engines": {
        "node": "*"
      }
    },
    "node_modules/sylvester": {
      "version": "0.0.21",
      "engines": {
        "node": ">=0.2.6"
      }
    },
    "node_modules/toidentifier": {
      "version": "1.0.1",
      "license": "MIT",
      "engines": {
        "node": ">=0.6"
      }
    },
    "node_modules/transformers": {},
    "node_modules/type-is": {
      "version": "1.6.18",
      "license": "MIT",
      "dependencies": {
        "media-typer": "0.3.0",
        "mime-types": "~2.1.24"
      },
      "engines": {
        "node": ">= 0.6"
      }
    },
    "node_modules/uglify-js": {},
    "node_modules/underscore": {
      "version": "1.13.2",
      "license": "MIT"
    },
    "node_modules/unpipe": {
      "version": "1.0.0",
      "license": "MIT",
      "engines": {
        "node": ">= 0.8"
      }
    },
    "node_modules/util-deprecate": {
      "version": "1.0.2",
      "license": "MIT"
    },
    "node_modules/utils-merge": {
      "version": "1.0.1",
      "license": "MIT",
      "engines": {
        "node": ">= 0.4.0"
      }
    },
    "node_modules/uuid": {
      "version": "2.0.3",
      "license": "MIT"
    },
    "node_modules/vary": {
      "version": "1.1.2",
      "license": "MIT",
      "engines": {
        "node": ">= 0.8"
      }
    },
    "node_modules/with": {}
  },
  "dependencies": {
    "abstract-leveldown": {
      "version": "7.2.0",
      "resolved": "https://registry.npmjs.org/abstract-leveldown/-/abstract-leveldown-7.2.0.tgz",
      "integrity": "sha512-DnhQwcFEaYsvYDnACLZhMmCWd3rkOeEvglpa4q5i/5Jlm3UIsWaxVzuXvDLFCSCWRO3yy2/+V/G7FusFgejnfQ==",
      "requires": {
        "buffer": "^6.0.3",
        "catering": "^2.0.0",
        "is-buffer": "^2.0.5",
        "level-concat-iterator": "^3.0.0",
        "level-supports": "^2.0.1",
        "queue-microtask": "^1.2.3"
      }
    },
    "accepts": {
      "version": "1.3.8",
      "requires": {
        "mime-types": "~2.1.34",
        "negotiator": "0.6.3"
      }
    },
    "apparatus": {
      "version": "0.0.10",
      "requires": {
        "sylvester": ">= 0.0.8"
      }
    },
    "array-flatten": {
      "version": "1.1.1"
    },
    "async": {
      "version": "1.5.2"
    },
    "balanced-match": {
      "version": "1.0.2"
    },
    "base64-js": {
      "version": "1.5.1",
      "resolved": "https://registry.npmjs.org/base64-js/-/base64-js-1.5.1.tgz",
      "integrity": "sha512-AKpaYlHn8t4SVbOHCy+b5+KKgvR4vrsD8vbvrbiQJps7fKDTkjkDry6ji0rUJjC0kzbNePLwzxq8iypo41qeWA=="
    },
    "body-parser": {
      "version": "1.19.1",
      "requires": {
        "bytes": "3.1.1",
        "content-type": "~1.0.4",
        "debug": "2.6.9",
        "depd": "~1.1.2",
        "http-errors": "1.8.1",
        "iconv-lite": "0.4.24",
        "on-finished": "~2.3.0",
        "qs": "6.9.6",
        "raw-body": "2.4.2",
        "type-is": "~1.6.18"
      }
    },
    "brace-expansion": {
      "version": "1.1.11",
      "requires": {
        "balanced-match": "^1.0.0",
        "concat-map": "0.0.1"
      }
    },
    "buffer": {
      "version": "6.0.3",
      "resolved": "https://registry.npmjs.org/buffer/-/buffer-6.0.3.tgz",
      "integrity": "sha512-FTiCpNxtwiZZHEZbcbTIcZjERVICn9yq/pDFkTl95/AxzD1naBctN7YO68riM/gLSDY7sdrMby8hofADYuuqOA==",
      "requires": {
        "base64-js": "^1.3.1",
        "ieee754": "^1.2.1"
      }
    },
    "bytes": {
      "version": "3.1.1"
    },
    "catering": {
      "version": "2.1.1",
      "resolved": "https://registry.npmjs.org/catering/-/catering-2.1.1.tgz",
      "integrity": "sha512-K7Qy8O9p76sL3/3m7/zLKbRkyOlSZAgzEaLhyj2mXS8PsCud2Eo4hAb8aLtZqHh0QGqLcb9dlJSu6lHRVENm1w=="
    },
    "character-parser": {
      "version": "1.2.0"
    },
    "commander": {
      "version": "2.1.0"
    },
    "concat-map": {
      "version": "0.0.1"
    },
    "constantinople": {
      "version": "1.0.2",
      "requires": {
        "uglify-js": "~2.4.0"
      }
    },
    "content-disposition": {
      "version": "0.5.4",
      "requires": {
        "safe-buffer": "5.2.1"
      }
    },
    "content-type": {
      "version": "1.0.4"
    },
    "cookie": {
      "version": "0.4.1"
    },
    "cookie-signature": {
      "version": "1.0.6"
    },
    "css-parse": {
      "version": "1.7.0"
    },
    "debug": {
      "version": "2.6.9",
      "requires": {
        "ms": "2.0.0"
      }
    },
    "deferred-leveldown": {
      "version": "7.0.0",
      "resolved": "https://registry.npmjs.org/deferred-leveldown/-/deferred-leveldown-7.0.0.tgz",
      "integrity": "sha512-QKN8NtuS3BC6m0B8vAnBls44tX1WXAFATUsJlruyAYbZpysWV3siH6o/i3g9DCHauzodksO60bdj5NazNbjCmg==",
      "requires": {
        "abstract-leveldown": "^7.2.0",
        "inherits": "^2.0.3"
      }
    },
    "depd": {
      "version": "1.1.2"
    },
    "ee-first": {
      "version": "1.1.1"
    },
    "encodeurl": {
      "version": "1.0.2"
    },
    "encoding-down": {
      "version": "7.1.0",
      "resolved": "https://registry.npmjs.org/encoding-down/-/encoding-down-7.1.0.tgz",
      "integrity": "sha512-ky47X5jP84ryk5EQmvedQzELwVJPjCgXDQZGeb9F6r4PdChByCGHTBrVcF3h8ynKVJ1wVbkxTsDC8zBROPypgQ==",
      "requires": {
        "abstract-leveldown": "^7.2.0",
        "inherits": "^2.0.3",
        "level-codec": "^10.0.0",
        "level-errors": "^3.0.0"
      }
    },
    "escape-html": {
      "version": "1.0.3"
    },
    "etag": {
      "version": "1.8.1"
    },
    "express": {
      "version": "4.17.2",
      "requires": {
        "accepts": "~1.3.7",
        "array-flatten": "1.1.1",
        "body-parser": "1.19.1",
        "content-disposition": "0.5.4",
        "content-type": "~1.0.4",
        "cookie": "0.4.1",
        "cookie-signature": "1.0.6",
        "debug": "2.6.9",
        "depd": "~1.1.2",
        "encodeurl": "~1.0.2",
        "escape-html": "~1.0.3",
        "etag": "~1.8.1",
        "finalhandler": "~1.1.2",
        "fresh": "0.5.2",
        "merge-descriptors": "1.0.1",
        "methods": "~1.1.2",
        "on-finished": "~2.3.0",
        "parseurl": "~1.3.3",
        "path-to-regexp": "0.1.7",
        "proxy-addr": "~2.0.7",
        "qs": "6.9.6",
        "range-parser": "~1.2.1",
        "safe-buffer": "5.2.1",
        "send": "0.17.2",
        "serve-static": "1.14.2",
        "setprototypeof": "1.2.0",
        "statuses": "~1.5.0",
        "type-is": "~1.6.18",
        "utils-merge": "1.0.1",
        "vary": "~1.1.2"
      }
    },
    "extend": {
      "version": "1.3.0"
    },
    "finalhandler": {
      "version": "1.1.2",
      "requires": {
        "debug": "2.6.9",
        "encodeurl": "~1.0.2",
        "escape-html": "~1.0.3",
        "on-finished": "~2.3.0",
        "parseurl": "~1.3.3",
        "statuses": "~1.5.0",
        "unpipe": "~1.0.0"
      }
    },
    "forwarded": {
      "version": "0.2.0"
    },
    "fresh": {
      "version": "0.5.2"
    },
    "genstats": {
      "version": "0.0.1"
    },
    "glob": {},
    "http-errors": {
      "version": "1.8.1",
      "requires": {
        "depd": "~1.1.2",
        "inherits": "2.0.4",
        "setprototypeof": "1.2.0",
        "statuses": ">= 1.5.0 < 2",
        "toidentifier": "1.0.1"
      }
    },
    "iconv-lite": {
      "version": "0.4.24",
      "requires": {
        "safer-buffer": ">= 2.1.2 < 3"
      }
    },
    "ieee754": {
      "version": "1.2.1",
      "resolved": "https://registry.npmjs.org/ieee754/-/ieee754-1.2.1.tgz",
      "integrity": "sha512-dcyqhDvX1C46lXZcVqCpK+FtMRQVdIMN6/Df5js2zouUsqG7I6sFxitIC+7KYK29KdXOLHdu9zL4sFnoVQnqaA=="
    },
    "inherits": {
      "version": "2.0.4"
    },
    "ipaddr.js": {
      "version": "1.9.1"
    },
    "is-buffer": {
      "version": "2.0.5",
      "resolved": "https://registry.npmjs.org/is-buffer/-/is-buffer-2.0.5.tgz",
      "integrity": "sha512-i2R6zNFDwgEHJyQUtJEk0XFi1i0dPFn/oqjK3/vPCcDeJvW5NQ83V8QbicfF1SupOaB0h8ntgBC2YiE7dfyctQ=="
    },
    "jade": {
      "version": "1.1.5",
      "requires": {
        "character-parser": "1.2.0",
        "commander": "2.1.0",
        "constantinople": "~1.0.2",
        "mkdirp": "~0.3.5",
        "monocle": "1.1.51",
        "transformers": "2.1.0",
        "with": "~2.0.0"
      }
    },
    "kue": {
      "version": "0.9.6",
      "resolved": "https://registry.npmjs.org/kue/-/kue-0.9.6.tgz",
      "integrity": "sha1-BQe503xTPqGdjvv37hbI8ovBlwE=",
      "requires": {
        "body-parser": "^1.12.2",
        "express": "^4.12.2",
        "jade": "1.1.5",
        "lodash": "^2.4.1",
        "lodash-deep": "^1.1.0",
        "nib": "0.5.0",
        "node-redis-warlock": "^0.1.2",
        "redis": "~0.12.0",
        "reds": "~0.2.5",
        "stylus": "0.42.2"
      },
      "dependencies": {
        "lodash": {
          "version": "2.4.2"
        }
      }
    },
    "level": {
      "version": "7.0.1",
      "resolved": "https://registry.npmjs.org/level/-/level-7.0.1.tgz",
      "integrity": "sha512-w3E64+ALx2eZf8RV5JL4kIcE0BFAvQscRYd1yU4YVqZN9RGTQxXSvH202xvK15yZwFFxRXe60f13LJjcJ//I4Q==",
      "requires": {
        "level-js": "^6.1.0",
        "level-packager": "^6.0.1",
        "leveldown": "^6.1.0"
      }
    },
    "level-codec": {
      "version": "10.0.0",
      "resolved": "https://registry.npmjs.org/level-codec/-/level-codec-10.0.0.tgz",
      "integrity": "sha512-QW3VteVNAp6c/LuV6nDjg7XDXx9XHK4abmQarxZmlRSDyXYk20UdaJTSX6yzVvQ4i0JyWSB7jert0DsyD/kk6g==",
      "requires": {
        "buffer": "^6.0.3"
      }
    },
    "level-concat-iterator": {
      "version": "3.1.0",
      "resolved": "https://registry.npmjs.org/level-concat-iterator/-/level-concat-iterator-3.1.0.tgz",
      "integrity": "sha512-BWRCMHBxbIqPxJ8vHOvKUsaO0v1sLYZtjN3K2iZJsRBYtp+ONsY6Jfi6hy9K3+zolgQRryhIn2NRZjZnWJ9NmQ==",
      "requires": {
        "catering": "^2.1.0"
      }
    },
    "level-errors": {
      "version": "3.0.1",
      "resolved": "https://registry.npmjs.org/level-errors/-/level-errors-3.0.1.tgz",
      "integrity": "sha512-tqTL2DxzPDzpwl0iV5+rBCv65HWbHp6eutluHNcVIftKZlQN//b6GEnZDM2CvGZvzGYMwyPtYppYnydBQd2SMQ=="
    },
    "level-iterator-stream": {
      "version": "5.0.0",
      "resolved": "https://registry.npmjs.org/level-iterator-stream/-/level-iterator-stream-5.0.0.tgz",
      "integrity": "sha512-wnb1+o+CVFUDdiSMR/ZymE2prPs3cjVLlXuDeSq9Zb8o032XrabGEXcTCsBxprAtseO3qvFeGzh6406z9sOTRA==",
      "requires": {
        "inherits": "^2.0.4",
        "readable-stream": "^3.4.0"
      },
      "dependencies": {
        "readable-stream": {
          "version": "3.6.0",
          "resolved": "https://registry.npmjs.org/readable-stream/-/readable-stream-3.6.0.tgz",
          "integrity": "sha512-BViHy7LKeTz4oNnkcLJ+lVSL6vpiFeX6/d3oSH8zCW7UxP2onchk+vTGB143xuFjHS3deTgkKoXXymXqymiIdA==",
          "requires": {
            "inherits": "^2.0.3",
            "string_decoder": "^1.1.1",
            "util-deprecate": "^1.0.1"
          }
        },
        "string_decoder": {
          "version": "1.3.0",
          "resolved": "https://registry.npmjs.org/string_decoder/-/string_decoder-1.3.0.tgz",
          "integrity": "sha512-hkRX8U1WjJFd8LsDJ2yQ/wWWxaopEsABU1XfkM8A+j0+85JAGppt16cr1Whg6KIbb4okU6Mql6BOj+uup/wKeA==",
          "requires": {
            "safe-buffer": "~5.2.0"
          }
        }
      }
    },
    "level-js": {
      "version": "6.1.0",
      "resolved": "https://registry.npmjs.org/level-js/-/level-js-6.1.0.tgz",
      "integrity": "sha512-i7mPtkZm68aewfv0FnIUWvFUFfoyzIvVKnUmuQGrelEkP72vSPTaA1SGneWWoCV5KZJG4wlzbJLp1WxVNGuc6A==",
      "requires": {
        "abstract-leveldown": "^7.2.0",
        "buffer": "^6.0.3",
        "inherits": "^2.0.3",
        "ltgt": "^2.1.2",
        "run-parallel-limit": "^1.1.0"
      }
    },
    "level-packager": {
      "version": "6.0.1",
      "resolved": "https://registry.npmjs.org/level-packager/-/level-packager-6.0.1.tgz",
      "integrity": "sha512-8Ezr0XM6hmAwqX9uu8IGzGNkWz/9doyPA8Oo9/D7qcMI6meJC+XhIbNYHukJhIn8OGdlzQs/JPcL9B8lA2F6EQ==",
      "requires": {
        "encoding-down": "^7.1.0",
        "levelup": "^5.1.1"
      }
    },
    "level-supports": {
      "version": "2.1.0",
      "resolved": "https://registry.npmjs.org/level-supports/-/level-supports-2.1.0.tgz",
      "integrity": "sha512-E486g1NCjW5cF78KGPrMDRBYzPuueMZ6VBXHT6gC7A8UYWGiM14fGgp+s/L1oFfDWSPV/+SFkYCmZ0SiESkRKA=="
    },
    "leveldown": {
      "version": "6.1.0",
      "resolved": "https://registry.npmjs.org/leveldown/-/leveldown-6.1.0.tgz",
      "integrity": "sha512-8C7oJDT44JXxh04aSSsfcMI8YiaGRhOFI9/pMEL7nWJLVsWajDPTRxsSHTM2WcTVY5nXM+SuRHzPPi0GbnDX+w==",
      "requires": {
        "abstract-leveldown": "^7.2.0",
        "napi-macros": "~2.0.0",
        "node-gyp-build": "^4.3.0"
      }
    },
    "levelup": {
      "version": "5.1.1",
      "resolved": "https://registry.npmjs.org/levelup/-/levelup-5.1.1.tgz",
      "integrity": "sha512-0mFCcHcEebOwsQuk00WJwjLI6oCjbBuEYdh/RaRqhjnyVlzqf41T1NnDtCedumZ56qyIh8euLFDqV1KfzTAVhg==",
      "requires": {
        "catering": "^2.0.0",
        "deferred-leveldown": "^7.0.0",
        "level-errors": "^3.0.1",
        "level-iterator-stream": "^5.0.0",
        "level-supports": "^2.0.1",
        "queue-microtask": "^1.2.3"
      }
    },
    "lodash": {
      "version": "4.17.21"
    },
    "lodash-deep": {
      "version": "1.6.0",
      "requires": {
        "lodash": ">=2.4.1"
      }
    },
    "lru-cache": {
      "version": "2.7.3"
    },
    "ltgt": {
      "version": "2.2.1",
      "resolved": "https://registry.npmjs.org/ltgt/-/ltgt-2.2.1.tgz",
      "integrity": "sha1-81ypHEk/e3PaDgdJUwTxezH4fuU="
    },
    "media-typer": {
      "version": "0.3.0"
    },
    "merge-descriptors": {
      "version": "1.0.1"
    },
    "methods": {
      "version": "1.1.2"
    },
    "mime-db": {
      "version": "1.51.0"
    },
    "mime-types": {
      "version": "2.1.34",
      "requires": {
        "mime-db": "1.51.0"
      }
    },
    "minimatch": {
      "version": "3.0.4",
      "requires": {
        "brace-expansion": "^1.1.7"
      }
    },
    "mkdirp": {
      "version": "0.3.5"
    },
    "monocle": {
      "version": "1.1.51",
      "requires": {
        "readdirp": "~0.2.3"
      }
    },
    "ms": {
      "version": "2.0.0"
    },
    "napi-macros": {
      "version": "2.0.0",
      "resolved": "https://registry.npmjs.org/napi-macros/-/napi-macros-2.0.0.tgz",
      "integrity": "sha512-A0xLykHtARfueITVDernsAWdtIMbOJgKgcluwENp3AlsKN/PloyO10HtmoqnFAQAcxPkgZN7wdfPfEd0zNGxbg=="
    },
    "natives": {
      "version": "1.1.6"
    },
    "natural": {
      "version": "0.2.1",
      "requires": {
        "apparatus": ">= 0.0.9",
        "sylvester": ">= 0.0.12",
        "underscore": ">=1.3.1"
      }
    },
    "negotiator": {
      "version": "0.6.3"
    },
    "nib": {
      "version": "0.5.0"
    },
    "node-gyp-build": {
      "version": "4.3.0",
      "resolved": "https://registry.npmjs.org/node-gyp-build/-/node-gyp-build-4.3.0.tgz",
      "integrity": "sha512-iWjXZvmboq0ja1pUGULQBexmxq8CV4xBhX7VDOTbL7ZR4FOowwY/VOtRxBN/yKxmdGoIp4j5ysNT4u3S2pDQ3Q=="
    },
    "node-redis-scripty": {
      "version": "0.0.5",
      "requires": {
        "extend": "^1.2.1",
        "lru-cache": "^2.5.0"
      }
    },
    "node-redis-warlock": {
      "version": "0.1.4",
      "requires": {
        "node-redis-scripty": "0.0.5",
        "uuid": "^2.0.1"
      }
    },
    "on-finished": {
      "version": "2.3.0",
      "requires": {
        "ee-first": "1.1.1"
      }
    },
    "parseurl": {
      "version": "1.3.3"
    },
    "path-to-regexp": {
      "version": "0.1.7"
    },
    "properties-reader": {
      "version": "0.3.1",
      "resolved": "https://registry.npmjs.org/properties-reader/-/properties-reader-0.3.1.tgz",
      "integrity": "sha512-ltBypWdJunkozeLZTQc7hhifymwnHK2bvGnGjI7NB092fuNY91tb7lnZOhPDKs9W9yfDAqjkQ8B0ZUdQkm1M6Q==",
      "requires": {
        "mkdirp": "~0.5.1"
      },
      "dependencies": {
        "minimist": {
          "version": "1.2.5"
        },
        "mkdirp": {
          "version": "0.5.5",
          "requires": {
            "minimist": "^1.2.5"
          }
        }
      }
    },
    "proxy-addr": {
      "version": "2.0.7",
      "requires": {
        "forwarded": "0.2.0",
        "ipaddr.js": "1.9.1"
      }
    },
    "qs": {
      "version": "6.9.6"
    },
    "queue-microtask": {
      "version": "1.2.3",
      "resolved": "https://registry.npmjs.org/queue-microtask/-/queue-microtask-1.2.3.tgz",
      "integrity": "sha512-NuaNSa6flKT5JaSYQzJok04JzTL1CA6aGhv5rfLW3PgqA+M2ChpZQnAC8h8i4ZFkBS8X5RqkDBHA7r4hej3K9A=="
    },
    "range-parser": {
      "version": "1.2.1"
    },
    "raw-body": {
      "version": "2.4.2",
      "requires": {
        "bytes": "3.1.1",
        "http-errors": "1.8.1",
        "iconv-lite": "0.4.24",
        "unpipe": "1.0.0"
      }
    },
    "readdirp": {
      "version": "0.2.5",
      "requires": {
        "minimatch": ">=0.2.4"
      }
    },
    "redis": {
      "version": "0.12.1"
    },
    "reds": {
      "version": "0.2.5",
      "requires": {
        "natural": "^0.2.0",
        "redis": "^0.12.1"
      }
    },
    "run-parallel-limit": {
      "version": "1.1.0",
      "resolved": "https://registry.npmjs.org/run-parallel-limit/-/run-parallel-limit-1.1.0.tgz",
      "integrity": "sha512-jJA7irRNM91jaKc3Hcl1npHsFLOXOoTkPCUL1JEa1R82O2miplXXRaGdjW/KM/98YQWDhJLiSs793CnXfblJUw==",
      "requires": {
        "queue-microtask": "^1.2.2"
      }
    },
    "safe-buffer": {
      "version": "5.2.1"
    },
    "safer-buffer": {
      "version": "2.1.2"
    },
    "sax": {
      "version": "0.5.8"
    },
    "send": {},
    "serve-static": {
      "version": "1.14.2",
      "requires": {
        "encodeurl": "~1.0.2",
        "escape-html": "~1.0.3",
        "parseurl": "~1.3.3",
        "send": "0.17.2"
      }
    },
    "setprototypeof": {
      "version": "1.2.0"
    },
    "statuses": {
      "version": "1.5.0"
    },
    "stylus": {
      "version": "0.42.2",
      "requires": {
        "css-parse": "1.7.x",
        "debug": "*",
        "glob": "3.2.x",
        "mkdirp": "0.3.x",
        "sax": "0.5.x"
      }
    },
    "sylvester": {
      "version": "0.0.21"
    },
    "toidentifier": {
      "version": "1.0.1"
    },
    "transformers": {},
    "type-is": {
      "version": "1.6.18",
      "requires": {
        "media-typer": "0.3.0",
        "mime-types": "~2.1.24"
      }
    },
    "uglify-js": {},
    "underscore": {
      "version": "1.13.2"
    },
    "unpipe": {
      "version": "1.0.0"
    },
    "util-deprecate": {
      "version": "1.0.2"
    },
    "utils-merge": {
      "version": "1.0.1"
    },
    "uuid": {
      "version": "2.0.3"
    },
    "vary": {
      "version": "1.1.2"
    },
    "with": {}
  }
}
